// !$*UTF8*$!
{
	archiveVersion = 1;
	classes = {
	};
	objectVersion = 55;
	objects = {

/* Begin PBXBuildFile section */
		9C5B30322831DC300087DE33 /* QueensApp.swift in Sources */ = {isa = PBXBuildFile; fileRef = 9C5B30312831DC300087DE33 /* QueensApp.swift */; };
		9C5B30342831DC300087DE33 /* ContentView.swift in Sources */ = {isa = PBXBuildFile; fileRef = 9C5B30332831DC300087DE33 /* ContentView.swift */; };
		9C5B30362831DC330087DE33 /* Assets.xcassets in Resources */ = {isa = PBXBuildFile; fileRef = 9C5B30352831DC330087DE33 /* Assets.xcassets */; };
		9C5B30392831DC330087DE33 /* Preview Assets.xcassets in Resources */ = {isa = PBXBuildFile; fileRef = 9C5B30382831DC330087DE33 /* Preview Assets.xcassets */; };
		9C5B30432831DC330087DE33 /* QueensTests.swift in Sources */ = {isa = PBXBuildFile; fileRef = 9C5B30422831DC330087DE33 /* QueensTests.swift */; };
		9C5B304D2831DC330087DE33 /* QueensUITests.swift in Sources */ = {isa = PBXBuildFile; fileRef = 9C5B304C2831DC330087DE33 /* QueensUITests.swift */; };
		9C5B304F2831DC330087DE33 /* QueensUITestsLaunchTests.swift in Sources */ = {isa = PBXBuildFile; fileRef = 9C5B304E2831DC330087DE33 /* QueensUITestsLaunchTests.swift */; };
/* End PBXBuildFile section */

/* Begin PBXContainerItemProxy section */
		9C5B303F2831DC330087DE33 /* PBXContainerItemProxy */ = {
			isa = PBXContainerItemProxy;
			containerPortal = 9C5B30262831DC300087DE33 /* Project object */;
			proxyType = 1;
			remoteGlobalIDString = 9C5B302D2831DC300087DE33;
			remoteInfo = Queens;
		};
		9C5B30492831DC330087DE33 /* PBXContainerItemProxy */ = {
			isa = PBXContainerItemProxy;
			containerPortal = 9C5B30262831DC300087DE33 /* Project object */;
			proxyType = 1;
			remoteGlobalIDString = 9C5B302D2831DC300087DE33;
			remoteInfo = Queens;
		};
/* End PBXContainerItemProxy section */

/* Begin PBXFileReference section */
		9C5B302E2831DC300087DE33 /* Queens.app */ = {isa = PBXFileReference; explicitFileType = wrapper.application; includeInIndex = 0; path = Queens.app; sourceTree = BUILT_PRODUCTS_DIR; };
		9C5B30312831DC300087DE33 /* QueensApp.swift */ = {isa = PBXFileReference; lastKnownFileType = sourcecode.swift; path = QueensApp.swift; sourceTree = "<group>"; };
		9C5B30332831DC300087DE33 /* ContentView.swift */ = {isa = PBXFileReference; lastKnownFileType = sourcecode.swift; path = ContentView.swift; sourceTree = "<group>"; };
		9C5B30352831DC330087DE33 /* Assets.xcassets */ = {isa = PBXFileReference; lastKnownFileType = folder.assetcatalog; path = Assets.xcassets; sourceTree = "<group>"; };
		9C5B30382831DC330087DE33 /* Preview Assets.xcassets */ = {isa = PBXFileReference; lastKnownFileType = folder.assetcatalog; path = "Preview Assets.xcassets"; sourceTree = "<group>"; };
		9C5B303E2831DC330087DE33 /* QueensTests.xctest */ = {isa = PBXFileReference; explicitFileType = wrapper.cfbundle; includeInIndex = 0; path = QueensTests.xctest; sourceTree = BUILT_PRODUCTS_DIR; };
		9C5B30422831DC330087DE33 /* QueensTests.swift */ = {isa = PBXFileReference; lastKnownFileType = sourcecode.swift; path = QueensTests.swift; sourceTree = "<group>"; };
		9C5B30482831DC330087DE33 /* QueensUITests.xctest */ = {isa = PBXFileReference; explicitFileType = wrapper.cfbundle; includeInIndex = 0; path = QueensUITests.xctest; sourceTree = BUILT_PRODUCTS_DIR; };
		9C5B304C2831DC330087DE33 /* QueensUITests.swift */ = {isa = PBXFileReference; lastKnownFileType = sourcecode.swift; path = QueensUITests.swift; sourceTree = "<group>"; };
		9C5B304E2831DC330087DE33 /* QueensUITestsLaunchTests.swift */ = {isa = PBXFileReference; lastKnownFileType = sourcecode.swift; path = QueensUITestsLaunchTests.swift; sourceTree = "<group>"; };
/* End PBXFileReference section */

/* Begin PBXFrameworksBuildPhase section */
		9C5B302B2831DC300087DE33 /* Frameworks */ = {
			isa = PBXFrameworksBuildPhase;
			buildActionMask = 2147483647;
			files = (
			);
			runOnlyForDeploymentPostprocessing = 0;
		};
		9C5B303B2831DC330087DE33 /* Frameworks */ = {
			isa = PBXFrameworksBuildPhase;
			buildActionMask = 2147483647;
			files = (
			);
			runOnlyForDeploymentPostprocessing = 0;
		};
		9C5B30452831DC330087DE33 /* Frameworks */ = {
			isa = PBXFrameworksBuildPhase;
			buildActionMask = 2147483647;
			files = (
			);
			runOnlyForDeploymentPostprocessing = 0;
		};
/* End PBXFrameworksBuildPhase section */

/* Begin PBXGroup section */
		9C5B30252831DC300087DE33 = {
			isa = PBXGroup;
			children = (
				9C5B30302831DC300087DE33 /* Queens */,
				9C5B30412831DC330087DE33 /* QueensTests */,
				9C5B304B2831DC330087DE33 /* QueensUITests */,
				9C5B302F2831DC300087DE33 /* Products */,
			);
			sourceTree = "<group>";
		};
		9C5B302F2831DC300087DE33 /* Products */ = {
			isa = PBXGroup;
			children = (
				9C5B302E2831DC300087DE33 /* Queens.app */,
				9C5B303E2831DC330087DE33 /* QueensTests.xctest */,
				9C5B30482831DC330087DE33 /* QueensUITests.xctest */,
			);
			name = Products;
			sourceTree = "<group>";
		};
		9C5B30302831DC300087DE33 /* Queens */ = {
			isa = PBXGroup;
			children = (
				9C5B30312831DC300087DE33 /* QueensApp.swift */,
				9C5B30332831DC300087DE33 /* ContentView.swift */,
				9C5B30352831DC330087DE33 /* Assets.xcassets */,
				9C5B30372831DC330087DE33 /* Preview Content */,
			);
			path = Queens;
			sourceTree = "<group>";
		};
		9C5B30372831DC330087DE33 /* Preview Content */ = {
			isa = PBXGroup;
			children = (
				9C5B30382831DC330087DE33 /* Preview Assets.xcassets */,
			);
			path = "Preview Content";
			sourceTree = "<group>";
		};
		9C5B30412831DC330087DE33 /* QueensTests */ = {
			isa = PBXGroup;
			children = (
				9C5B30422831DC330087DE33 /* QueensTests.swift */,
			);
			path = QueensTests;
			sourceTree = "<group>";
		};
		9C5B304B2831DC330087DE33 /* QueensUITests */ = {
			isa = PBXGroup;
			children = (
				9C5B304C2831DC330087DE33 /* QueensUITests.swift */,
				9C5B304E2831DC330087DE33 /* QueensUITestsLaunchTests.swift */,
			);
			path = QueensUITests;
			sourceTree = "<group>";
		};
/* End PBXGroup section */

/* Begin PBXNativeTarget section */
		9C5B302D2831DC300087DE33 /* Queens */ = {
			isa = PBXNativeTarget;
			buildConfigurationList = 9C5B30522831DC330087DE33 /* Build configuration list for PBXNativeTarget "Queens" */;
			buildPhases = (
				9C5B302A2831DC300087DE33 /* Sources */,
				9C5B302B2831DC300087DE33 /* Frameworks */,
				9C5B302C2831DC300087DE33 /* Resources */,
			);
			buildRules = (
			);
			dependencies = (
			);
			name = Queens;
			productName = Queens;
			productReference = 9C5B302E2831DC300087DE33 /* Queens.app */;
			productType = "com.apple.product-type.application";
		};
		9C5B303D2831DC330087DE33 /* QueensTests */ = {
			isa = PBXNativeTarget;
			buildConfigurationList = 9C5B30552831DC330087DE33 /* Build configuration list for PBXNativeTarget "QueensTests" */;
			buildPhases = (
				9C5B303A2831DC330087DE33 /* Sources */,
				9C5B303B2831DC330087DE33 /* Frameworks */,
				9C5B303C2831DC330087DE33 /* Resources */,
			);
			buildRules = (
			);
			dependencies = (
				9C5B30402831DC330087DE33 /* PBXTargetDependency */,
			);
			name = QueensTests;
			productName = QueensTests;
			productReference = 9C5B303E2831DC330087DE33 /* QueensTests.xctest */;
			productType = "com.apple.product-type.bundle.unit-test";
		};
		9C5B30472831DC330087DE33 /* QueensUITests */ = {
			isa = PBXNativeTarget;
			buildConfigurationList = 9C5B30582831DC330087DE33 /* Build configuration list for PBXNativeTarget "QueensUITests" */;
			buildPhases = (
				9C5B30442831DC330087DE33 /* Sources */,
				9C5B30452831DC330087DE33 /* Frameworks */,
				9C5B30462831DC330087DE33 /* Resources */,
			);
			buildRules = (
			);
			dependencies = (
				9C5B304A2831DC330087DE33 /* PBXTargetDependency */,
			);
			name = QueensUITests;
			productName = QueensUITests;
			productReference = 9C5B30482831DC330087DE33 /* QueensUITests.xctest */;
			productType = "com.apple.product-type.bundle.ui-testing";
		};
/* End PBXNativeTarget section */

/* Begin PBXProject section */
		9C5B30262831DC300087DE33 /* Project object */ = {
			isa = PBXProject;
			attributes = {
				BuildIndependentTargetsInParallel = 1;
				LastSwiftUpdateCheck = 1330;
				LastUpgradeCheck = 1330;
				TargetAttributes = {
					9C5B302D2831DC300087DE33 = {
						CreatedOnToolsVersion = 13.3.1;
					};
					9C5B303D2831DC330087DE33 = {
						CreatedOnToolsVersion = 13.3.1;
						TestTargetID = 9C5B302D2831DC300087DE33;
					};
					9C5B30472831DC330087DE33 = {
						CreatedOnToolsVersion = 13.3.1;
						TestTargetID = 9C5B302D2831DC300087DE33;
					};
				};
			};
			buildConfigurationList = 9C5B30292831DC300087DE33 /* Build configuration list for PBXProject "Queens" */;
			compatibilityVersion = "Xcode 13.0";
			developmentRegion = en;
			hasScannedForEncodings = 0;
			knownRegions = (
				en,
				Base,
			);
			mainGroup = 9C5B30252831DC300087DE33;
			productRefGroup = 9C5B302F2831DC300087DE33 /* Products */;
			projectDirPath = "";
			projectRoot = "";
			targets = (
				9C5B302D2831DC300087DE33 /* Queens */,
				9C5B303D2831DC330087DE33 /* QueensTests */,
				9C5B30472831DC330087DE33 /* QueensUITests */,
			);
		};
/* End PBXProject section */

/* Begin PBXResourcesBuildPhase section */
		9C5B302C2831DC300087DE33 /* Resources */ = {
			isa = PBXResourcesBuildPhase;
			buildActionMask = 2147483647;
			files = (
				9C5B30392831DC330087DE33 /* Preview Assets.xcassets in Resources */,
				9C5B30362831DC330087DE33 /* Assets.xcassets in Resources */,
			);
			runOnlyForDeploymentPostprocessing = 0;
		};
		9C5B303C2831DC330087DE33 /* Resources */ = {
			isa = PBXResourcesBuildPhase;
			buildActionMask = 2147483647;
			files = (
			);
			runOnlyForDeploymentPostprocessing = 0;
		};
		9C5B30462831DC330087DE33 /* Resources */ = {
			isa = PBXResourcesBuildPhase;
			buildActionMask = 2147483647;
			files = (
			);
			runOnlyForDeploymentPostprocessing = 0;
		};
/* End PBXResourcesBuildPhase section */

/* Begin PBXSourcesBuildPhase section */
		9C5B302A2831DC300087DE33 /* Sources */ = {
			isa = PBXSourcesBuildPhase;
			buildActionMask = 2147483647;
			files = (
				9C5B30342831DC300087DE33 /* ContentView.swift in Sources */,
				9C5B30322831DC300087DE33 /* QueensApp.swift in Sources */,
			);
			runOnlyForDeploymentPostprocessing = 0;
		};
		9C5B303A2831DC330087DE33 /* Sources */ = {
			isa = PBXSourcesBuildPhase;
			buildActionMask = 2147483647;
			files = (
				9C5B30432831DC330087DE33 /* QueensTests.swift in Sources */,
			);
			runOnlyForDeploymentPostprocessing = 0;
		};
		9C5B30442831DC330087DE33 /* Sources */ = {
			isa = PBXSourcesBuildPhase;
			buildActionMask = 2147483647;
			files = (
				9C5B304D2831DC330087DE33 /* QueensUITests.swift in Sources */,
				9C5B304F2831DC330087DE33 /* QueensUITestsLaunchTests.swift in Sources */,
			);
			runOnlyForDeploymentPostprocessing = 0;
		};
/* End PBXSourcesBuildPhase section */

/* Begin PBXTargetDependency section */
		9C5B30402831DC330087DE33 /* PBXTargetDependency */ = {
			isa = PBXTargetDependency;
			target = 9C5B302D2831DC300087DE33 /* Queens */;
			targetProxy = 9C5B303F2831DC330087DE33 /* PBXContainerItemProxy */;
		};
		9C5B304A2831DC330087DE33 /* PBXTargetDependency */ = {
			isa = PBXTargetDependency;
			target = 9C5B302D2831DC300087DE33 /* Queens */;
			targetProxy = 9C5B30492831DC330087DE33 /* PBXContainerItemProxy */;
		};
/* End PBXTargetDependency section */

/* Begin XCBuildConfiguration section */
		9C5B30502831DC330087DE33 /* Debug */ = {
			isa = XCBuildConfiguration;
			buildSettings = {
				ALWAYS_SEARCH_USER_PATHS = NO;
				CLANG_ANALYZER_NONNULL = YES;
				CLANG_ANALYZER_NUMBER_OBJECT_CONVERSION = YES_AGGRESSIVE;
				CLANG_CXX_LANGUAGE_STANDARD = "gnu++17";
				CLANG_ENABLE_MODULES = YES;
				CLANG_ENABLE_OBJC_ARC = YES;
				CLANG_ENABLE_OBJC_WEAK = YES;
				CLANG_WARN_BLOCK_CAPTURE_AUTORELEASING = YES;
				CLANG_WARN_BOOL_CONVERSION = YES;
				CLANG_WARN_COMMA = YES;
				CLANG_WARN_CONSTANT_CONVERSION = YES;
				CLANG_WARN_DEPRECATED_OBJC_IMPLEMENTATIONS = YES;
				CLANG_WARN_DIRECT_OBJC_ISA_USAGE = YES_ERROR;
				CLANG_WARN_DOCUMENTATION_COMMENTS = YES;
				CLANG_WARN_EMPTY_BODY = YES;
				CLANG_WARN_ENUM_CONVERSION = YES;
				CLANG_WARN_INFINITE_RECURSION = YES;
				CLANG_WARN_INT_CONVERSION = YES;
				CLANG_WARN_NON_LITERAL_NULL_CONVERSION = YES;
				CLANG_WARN_OBJC_IMPLICIT_RETAIN_SELF = YES;
				CLANG_WARN_OBJC_LITERAL_CONVERSION = YES;
				CLANG_WARN_OBJC_ROOT_CLASS = YES_ERROR;
				CLANG_WARN_QUOTED_INCLUDE_IN_FRAMEWORK_HEADER = YES;
				CLANG_WARN_RANGE_LOOP_ANALYSIS = YES;
				CLANG_WARN_STRICT_PROTOTYPES = YES;
				CLANG_WARN_SUSPICIOUS_MOVE = YES;
				CLANG_WARN_UNGUARDED_AVAILABILITY = YES_AGGRESSIVE;
				CLANG_WARN_UNREACHABLE_CODE = YES;
				CLANG_WARN__DUPLICATE_METHOD_MATCH = YES;
				COPY_PHASE_STRIP = NO;
				DEBUG_INFORMATION_FORMAT = dwarf;
				ENABLE_STRICT_OBJC_MSGSEND = YES;
				ENABLE_TESTABILITY = YES;
				GCC_C_LANGUAGE_STANDARD = gnu11;
				GCC_DYNAMIC_NO_PIC = NO;
				GCC_NO_COMMON_BLOCKS = YES;
				GCC_OPTIMIZATION_LEVEL = 0;
				GCC_PREPROCESSOR_DEFINITIONS = (
					"DEBUG=1",
					"$(inherited)",
				);
				GCC_WARN_64_TO_32_BIT_CONVERSION = YES;
				GCC_WARN_ABOUT_RETURN_TYPE = YES_ERROR;
				GCC_WARN_UNDECLARED_SELECTOR = YES;
				GCC_WARN_UNINITIALIZED_AUTOS = YES_AGGRESSIVE;
				GCC_WARN_UNUSED_FUNCTION = YES;
				GCC_WARN_UNUSED_VARIABLE = YES;
				IPHONEOS_DEPLOYMENT_TARGET = 15.4;
				MTL_ENABLE_DEBUG_INFO = INCLUDE_SOURCE;
				MTL_FAST_MATH = YES;
				ONLY_ACTIVE_ARCH = YES;
				SDKROOT = iphoneos;
				SWIFT_ACTIVE_COMPILATION_CONDITIONS = DEBUG;
				SWIFT_OPTIMIZATION_LEVEL = "-Onone";
			};
			name = Debug;
		};
		9C5B30512831DC330087DE33 /* Release */ = {
			isa = XCBuildConfiguration;
			buildSettings = {
				ALWAYS_SEARCH_USER_PATHS = NO;
				CLANG_ANALYZER_NONNULL = YES;
				CLANG_ANALYZER_NUMBER_OBJECT_CONVERSION = YES_AGGRESSIVE;
				CLANG_CXX_LANGUAGE_STANDARD = "gnu++17";
				CLANG_ENABLE_MODULES = YES;
				CLANG_ENABLE_OBJC_ARC = YES;
				CLANG_ENABLE_OBJC_WEAK = YES;
				CLANG_WARN_BLOCK_CAPTURE_AUTORELEASING = YES;
				CLANG_WARN_BOOL_CONVERSION = YES;
				CLANG_WARN_COMMA = YES;
				CLANG_WARN_CONSTANT_CONVERSION = YES;
				CLANG_WARN_DEPRECATED_OBJC_IMPLEMENTATIONS = YES;
				CLANG_WARN_DIRECT_OBJC_ISA_USAGE = YES_ERROR;
				CLANG_WARN_DOCUMENTATION_COMMENTS = YES;
				CLANG_WARN_EMPTY_BODY = YES;
				CLANG_WARN_ENUM_CONVERSION = YES;
				CLANG_WARN_INFINITE_RECURSION = YES;
				CLANG_WARN_INT_CONVERSION = YES;
				CLANG_WARN_NON_LITERAL_NULL_CONVERSION = YES;
				CLANG_WARN_OBJC_IMPLICIT_RETAIN_SELF = YES;
				CLANG_WARN_OBJC_LITERAL_CONVERSION = YES;
				CLANG_WARN_OBJC_ROOT_CLASS = YES_ERROR;
				CLANG_WARN_QUOTED_INCLUDE_IN_FRAMEWORK_HEADER = YES;
				CLANG_WARN_RANGE_LOOP_ANALYSIS = YES;
				CLANG_WARN_STRICT_PROTOTYPES = YES;
				CLANG_WARN_SUSPICIOUS_MOVE = YES;
				CLANG_WARN_UNGUARDED_AVAILABILITY = YES_AGGRESSIVE;
				CLANG_WARN_UNREACHABLE_CODE = YES;
				CLANG_WARN__DUPLICATE_METHOD_MATCH = YES;
				COPY_PHASE_STRIP = NO;
				DEBUG_INFORMATION_FORMAT = "dwarf-with-dsym";
				ENABLE_NS_ASSERTIONS = NO;
				ENABLE_STRICT_OBJC_MSGSEND = YES;
				GCC_C_LANGUAGE_STANDARD = gnu11;
				GCC_NO_COMMON_BLOCKS = YES;
				GCC_WARN_64_TO_32_BIT_CONVERSION = YES;
				GCC_WARN_ABOUT_RETURN_TYPE = YES_ERROR;
				GCC_WARN_UNDECLARED_SELECTOR = YES;
				GCC_WARN_UNINITIALIZED_AUTOS = YES_AGGRESSIVE;
				GCC_WARN_UNUSED_FUNCTION = YES;
				GCC_WARN_UNUSED_VARIABLE = YES;
				IPHONEOS_DEPLOYMENT_TARGET = 15.4;
				MTL_ENABLE_DEBUG_INFO = NO;
				MTL_FAST_MATH = YES;
				SDKROOT = iphoneos;
				SWIFT_COMPILATION_MODE = wholemodule;
				SWIFT_OPTIMIZATION_LEVEL = "-O";
				VALIDATE_PRODUCT = YES;
			};
			name = Release;
		};
		9C5B30532831DC330087DE33 /* Debug */ = {
			isa = XCBuildConfiguration;
			buildSettings = {
				ASSETCATALOG_COMPILER_APPICON_NAME = AppIcon;
				ASSETCATALOG_COMPILER_GLOBAL_ACCENT_COLOR_NAME = AccentColor;
				CODE_SIGN_STYLE = Automatic;
				CURRENT_PROJECT_VERSION = 1;
				DEVELOPMENT_ASSET_PATHS = "\"Queens/Preview Content\"";
				DEVELOPMENT_TEAM = XQCGR6ACUF;
				ENABLE_PREVIEWS = YES;
				GENERATE_INFOPLIST_FILE = YES;
				INFOPLIST_KEY_UIApplicationSceneManifest_Generation = YES;
				INFOPLIST_KEY_UIApplicationSupportsIndirectInputEvents = YES;
				INFOPLIST_KEY_UILaunchScreen_Generation = YES;
				INFOPLIST_KEY_UISupportedInterfaceOrientations_iPad = "UIInterfaceOrientationPortrait UIInterfaceOrientationPortraitUpsideDown UIInterfaceOrientationLandscapeLeft UIInterfaceOrientationLandscapeRight";
				INFOPLIST_KEY_UISupportedInterfaceOrientations_iPhone = "UIInterfaceOrientationPortrait UIInterfaceOrientationLandscapeLeft UIInterfaceOrientationLandscapeRight";
				LD_RUNPATH_SEARCH_PATHS = (
					"$(inherited)",
					"@executable_path/Frameworks",
				);
				MARKETING_VERSION = 1.0;
				PRODUCT_BUNDLE_IDENTIFIER = queenssmile.Queens;
				PRODUCT_NAME = "$(TARGET_NAME)";
				SWIFT_EMIT_LOC_STRINGS = YES;
				SWIFT_VERSION = 5.0;
				TARGETED_DEVICE_FAMILY = "1,2";
			};
			name = Debug;
		};
		9C5B30542831DC330087DE33 /* Release */ = {
			isa = XCBuildConfiguration;
			buildSettings = {
				ASSETCATALOG_COMPILER_APPICON_NAME = AppIcon;
				ASSETCATALOG_COMPILER_GLOBAL_ACCENT_COLOR_NAME = AccentColor;
				CODE_SIGN_STYLE = Automatic;
				CURRENT_PROJECT_VERSION = 1;
				DEVELOPMENT_ASSET_PATHS = "\"Queens/Preview Content\"";
				DEVELOPMENT_TEAM = XQCGR6ACUF;
				ENABLE_PREVIEWS = YES;
				GENERATE_INFOPLIST_FILE = YES;
				INFOPLIST_KEY_UIApplicationSceneManifest_Generation = YES;
				INFOPLIST_KEY_UIApplicationSupportsIndirectInputEvents = YES;
				INFOPLIST_KEY_UILaunchScreen_Generation = YES;
				INFOPLIST_KEY_UISupportedInterfaceOrientations_iPad = "UIInterfaceOrientationPortrait UIInterfaceOrientationPortraitUpsideDown UIInterfaceOrientationLandscapeLeft UIInterfaceOrientationLandscapeRight";
				INFOPLIST_KEY_UISupportedInterfaceOrientations_iPhone = "UIInterfaceOrientationPortrait UIInterfaceOrientationLandscapeLeft UIInterfaceOrientationLandscapeRight";
				LD_RUNPATH_SEARCH_PATHS = (
					"$(inherited)",
					"@executable_path/Frameworks",
				);
				MARKETING_VERSION = 1.0;
				PRODUCT_BUNDLE_IDENTIFIER = queenssmile.Queens;
				PRODUCT_NAME = "$(TARGET_NAME)";
				SWIFT_EMIT_LOC_STRINGS = YES;
				SWIFT_VERSION = 5.0;
				TARGETED_DEVICE_FAMILY = "1,2";
			};
			name = Release;
		};
		9C5B30562831DC330087DE33 /* Debug */ = {
			isa = XCBuildConfiguration;
			buildSettings = {
				ALWAYS_EMBED_SWIFT_STANDARD_LIBRARIES = YES;
				BUNDLE_LOADER = "$(TEST_HOST)";
				CODE_SIGN_STYLE = Automatic;
				CURRENT_PROJECT_VERSION = 1;
				DEVELOPMENT_TEAM = XQCGR6ACUF;
				GENERATE_INFOPLIST_FILE = YES;
				IPHONEOS_DEPLOYMENT_TARGET = 15.4;
				MARKETING_VERSION = 1.0;
				PRODUCT_BUNDLE_IDENTIFIER = queenssmile.QueensTests;
				PRODUCT_NAME = "$(TARGET_NAME)";
				SWIFT_EMIT_LOC_STRINGS = NO;
				SWIFT_VERSION = 5.0;
				TARGETED_DEVICE_FAMILY = "1,2";
				TEST_HOST = "$(BUILT_PRODUCTS_DIR)/Queens.app/Queens";
			};
			name = Debug;
		};
		9C5B30572831DC330087DE33 /* Release */ = {
			isa = XCBuildConfiguration;
			buildSettings = {
				ALWAYS_EMBED_SWIFT_STANDARD_LIBRARIES = YES;
				BUNDLE_LOADER = "$(TEST_HOST)";
				CODE_SIGN_STYLE = Automatic;
				CURRENT_PROJECT_VERSION = 1;
				DEVELOPMENT_TEAM = XQCGR6ACUF;
				GENERATE_INFOPLIST_FILE = YES;
				IPHONEOS_DEPLOYMENT_TARGET = 15.4;
				MARKETING_VERSION = 1.0;
				PRODUCT_BUNDLE_IDENTIFIER = queenssmile.QueensTests;
				PRODUCT_NAME = "$(TARGET_NAME)";
				SWIFT_EMIT_LOC_STRINGS = NO;
				SWIFT_VERSION = 5.0;
				TARGETED_DEVICE_FAMILY = "1,2";
				TEST_HOST = "$(BUILT_PRODUCTS_DIR)/Queens.app/Queens";
			};
			name = Release;
		};
		9C5B30592831DC330087DE33 /* Debug */ = {
			isa = XCBuildConfiguration;
			buildSettings = {
				ALWAYS_EMBED_SWIFT_STANDARD_LIBRARIES = YES;
				CODE_SIGN_STYLE = Automatic;
				CURRENT_PROJECT_VERSION = 1;
				DEVELOPMENT_TEAM = XQCGR6ACUF;
				GENERATE_INFOPLIST_FILE = YES;
				MARKETING_VERSION = 1.0;
				PRODUCT_BUNDLE_IDENTIFIER = queenssmile.QueensUITests;
				PRODUCT_NAME = "$(TARGET_NAME)";
				SWIFT_EMIT_LOC_STRINGS = NO;
				SWIFT_VERSION = 5.0;
				TARGETED_DEVICE_FAMILY = "1,2";
				TEST_TARGET_NAME = Queens;
			};
			name = Debug;
		};
		9C5B305A2831DC330087DE33 /* Release */ = {
			isa = XCBuildConfiguration;
			buildSettings = {
				ALWAYS_EMBED_SWIFT_STANDARD_LIBRARIES = YES;
				CODE_SIGN_STYLE = Automatic;
				CURRENT_PROJECT_VERSION = 1;
				DEVELOPMENT_TEAM = XQCGR6ACUF;
				GENERATE_INFOPLIST_FILE = YES;
				MARKETING_VERSION = 1.0;
				PRODUCT_BUNDLE_IDENTIFIER = queenssmile.QueensUITests;
				PRODUCT_NAME = "$(TARGET_NAME)";
				SWIFT_EMIT_LOC_STRINGS = NO;
				SWIFT_VERSION = 5.0;
				TARGETED_DEVICE_FAMILY = "1,2";
				TEST_TARGET_NAME = Queens;
			};
			name = Release;
		};
/* End XCBuildConfiguration section */

/* Begin XCConfigurationList section */
		9C5B30292831DC300087DE33 /* Build configuration list for PBXProject "Queens" */ = {
			isa = XCConfigurationList;
			buildConfigurations = (
				9C5B30502831DC330087DE33 /* Debug */,
				9C5B30512831DC330087DE33 /* Release */,
			);
			defaultConfigurationIsVisible = 0;
			defaultConfigurationName = Release;
		};
		9C5B30522831DC330087DE33 /* Build configuration list for PBXNativeTarget "Queens" */ = {
			isa = XCConfigurationList;
			buildConfigurations = (
				9C5B30532831DC330087DE33 /* Debug */,
				9C5B30542831DC330087DE33 /* Release */,
			);
			defaultConfigurationIsVisible = 0;
			defaultConfigurationName = Release;
		};
		9C5B30552831DC330087DE33 /* Build configuration list for PBXNativeTarget "QueensTests" */ = {
			isa = XCConfigurationList;
			buildConfigurations = (
				9C5B30562831DC330087DE33 /* Debug */,
				9C5B30572831DC330087DE33 /* Release */,
			);
			defaultConfigurationIsVisible = 0;
			defaultConfigurationName = Release;
		};
		9C5B30582831DC330087DE33 /* Build configuration list for PBXNativeTarget "QueensUITests" */ = {
			isa = XCConfigurationList;
			buildConfigurations = (
				9C5B30592831DC330087DE33 /* Debug */,
				9C5B305A2831DC330087DE33 /* Release */,
			);
			defaultConfigurationIsVisible = 0;
			defaultConfigurationName = Release;
		};
/* End XCConfigurationList section */
	};
	rootObject = 9C5B30262831DC300087DE33 /* Project object */;
}
